
Microsoft Visual Studio Solution File, Format Version 12.00
# Visual Studio Version 17
VisualStudioVersion = 17.3.32929.385
MinimumVisualStudioVersion = 10.0.40219.1
Project("{8BC9CEB8-8B4A-11D0-8D11-00A0C91BC942}") = "zadanie10", "zadanie10\zadanie10.vcxproj", "{DB45D60A-A471-4AB3-B9D1-4C736EE4DD95}"
EndProject
Global
	GlobalSection(SolutionConfigurationPlatforms) = preSolution
		Debug|x64 = Debug|x64
		Debug|x86 = Debug|x86
		Release|x64 = Release|x64
		Release|x86 = Release|x86
	EndGlobalSection
	GlobalSection(ProjectConfigurationPlatforms) = postSolution
		{DB45D60A-A471-4AB3-B9D1-4C736EE4DD95}.Debug|x64.ActiveCfg = Debug|x64
		{DB45D60A-A471-4AB3-B9D1-4C736EE4DD95}.Debug|x64.Build.0 = Debug|x64
		{DB45D60A-A471-4AB3-B9D1-4C736EE4DD95}.Debug|x86.ActiveCfg = Debug|Win32
		{DB45D60A-A471-4AB3-B9D1-4C736EE4DD95}.Debug|x86.Build.0 = Debug|Win32
		{DB45D60A-A471-4AB3-B9D1-4C736EE4DD95}.Release|x64.ActiveCfg = Release|x64
		{DB45D60A-A471-4AB3-B9D1-4C736EE4DD95}.Release|x64.Build.0 = Release|x64
		{DB45D60A-A471-4AB3-B9D1-4C736EE4DD95}.Release|x86.ActiveCfg = Release|Win32
		{DB45D60A-A471-4AB3-B9D1-4C736EE4DD95}.Release|x86.Build.0 = Release|Win32
	EndGlobalSection
	GlobalSection(SolutionProperties) = preSolution
		HideSolutionNode = FALSE
	EndGlobalSection
	GlobalSection(ExtensibilityGlobals) = postSolution
		SolutionGuid = {0647CDE8-D448-4E03-BB02-9B2DF5767BBE}
	EndGlobalSection
EndGlobal
